
Microsoft Visual Studio Solution File, Format Version 12.00
# Visual Studio Version 17
VisualStudioVersion = 17.14.37111.16 d17.14
MinimumVisualStudioVersion = 10.0.40219.1
Project("{FAE04EC0-301F-11D3-BF4B-00C04F79EFBC}") = "QuanNET", "QuanNET\QuanNET.csproj", "{0D30F767-E8FA-43D3-AF29-8944B919ADBB}"
EndProject
Global
	GlobalSection(SolutionConfigurationPlatforms) = preSolution
		Debug|Any CPU = Debug|Any CPU
		Release|Any CPU = Release|Any CPU
	EndGlobalSection
	GlobalSection(ProjectConfigurationPlatforms) = postSolution
		{0D30F767-E8FA-43D3-AF29-8944B919ADBB}.Debug|Any CPU.ActiveCfg = Debug|Any CPU
		{0D30F767-E8FA-43D3-AF29-8944B919ADBB}.Debug|Any CPU.Build.0 = Debug|Any CPU
		{0D30F767-E8FA-43D3-AF29-8944B919ADBB}.Release|Any CPU.ActiveCfg = Release|Any CPU
		{0D30F767-E8FA-43D3-AF29-8944B919ADBB}.Release|Any CPU.Build.0 = Release|Any CPU
	EndGlobalSection
	GlobalSection(SolutionProperties) = preSolution
		HideSolutionNode = FALSE
	EndGlobalSection
	GlobalSection(ExtensibilityGlobals) = postSolution
		SolutionGuid = {FB889040-6C96-400A-9F8A-F57E03E81D29}
	EndGlobalSection
EndGlobal
